
Microsoft Visual Studio Solution File, Format Version 12.00
# Visual Studio 15
VisualStudioVersion = 15.0.33026.149
MinimumVisualStudioVersion = 10.0.40219.1
Project("{FAE04EC0-301F-11D3-BF4B-00C04F79EFBC}") = "MV_MiniProject08_TransRGBtoHSV", "MV_MiniProject08_TransRGBtoHSV\MV_MiniProject08_TransRGBtoHSV.csproj", "{4A839125-8345-47E6-BCE6-FD6D7F1D4639}"
EndProject
Global
	GlobalSection(SolutionConfigurationPlatforms) = preSolution
		Debug|Any CPU = Debug|Any CPU
		Release|Any CPU = Release|Any CPU
	EndGlobalSection
	GlobalSection(ProjectConfigurationPlatforms) = postSolution
		{4A839125-8345-47E6-BCE6-FD6D7F1D4639}.Debug|Any CPU.ActiveCfg = Debug|Any CPU
		{4A839125-8345-47E6-BCE6-FD6D7F1D4639}.Debug|Any CPU.Build.0 = Debug|Any CPU
		{4A839125-8345-47E6-BCE6-FD6D7F1D4639}.Release|Any CPU.ActiveCfg = Release|Any CPU
		{4A839125-8345-47E6-BCE6-FD6D7F1D4639}.Release|Any CPU.Build.0 = Release|Any CPU
	EndGlobalSection
	GlobalSection(SolutionProperties) = preSolution
		HideSolutionNode = FALSE
	EndGlobalSection
	GlobalSection(ExtensibilityGlobals) = postSolution
		SolutionGuid = {F55A3523-4939-43B0-BF8A-4F21167CEE78}
	EndGlobalSection
EndGlobal
