
Microsoft Visual Studio Solution File, Format Version 12.00
# Visual Studio 15
VisualStudioVersion = 15.0.33026.149
MinimumVisualStudioVersion = 10.0.40219.1
Project("{FAE04EC0-301F-11D3-BF4B-00C04F79EFBC}") = "MV_MiniProject05_RGB", "MV_MiniProject05_RGB\MV_MiniProject05_RGB.csproj", "{74AFB1C6-1A97-4323-9476-A19D1ACF2204}"
EndProject
Global
	GlobalSection(SolutionConfigurationPlatforms) = preSolution
		Debug|Any CPU = Debug|Any CPU
		Release|Any CPU = Release|Any CPU
	EndGlobalSection
	GlobalSection(ProjectConfigurationPlatforms) = postSolution
		{74AFB1C6-1A97-4323-9476-A19D1ACF2204}.Debug|Any CPU.ActiveCfg = Debug|Any CPU
		{74AFB1C6-1A97-4323-9476-A19D1ACF2204}.Debug|Any CPU.Build.0 = Debug|Any CPU
		{74AFB1C6-1A97-4323-9476-A19D1ACF2204}.Release|Any CPU.ActiveCfg = Release|Any CPU
		{74AFB1C6-1A97-4323-9476-A19D1ACF2204}.Release|Any CPU.Build.0 = Release|Any CPU
	EndGlobalSection
	GlobalSection(SolutionProperties) = preSolution
		HideSolutionNode = FALSE
	EndGlobalSection
	GlobalSection(ExtensibilityGlobals) = postSolution
		SolutionGuid = {0BAF865F-A731-4FA9-B838-AC8451A16FF2}
	EndGlobalSection
EndGlobal
