
Microsoft Visual Studio Solution File, Format Version 12.00
# Visual Studio 15
VisualStudioVersion = 15.0.33026.149
MinimumVisualStudioVersion = 10.0.40219.1
Project("{FAE04EC0-301F-11D3-BF4B-00C04F79EFBC}") = "MV_MiniProject06_TransRGBtoCMYK", "MV_MiniProject06_TransRGBtoCMYK\MV_MiniProject06_TransRGBtoCMYK.csproj", "{03B4622C-0890-4F6B-904F-F4B26AD7B82D}"
EndProject
Global
	GlobalSection(SolutionConfigurationPlatforms) = preSolution
		Debug|Any CPU = Debug|Any CPU
		Release|Any CPU = Release|Any CPU
	EndGlobalSection
	GlobalSection(ProjectConfigurationPlatforms) = postSolution
		{03B4622C-0890-4F6B-904F-F4B26AD7B82D}.Debug|Any CPU.ActiveCfg = Debug|Any CPU
		{03B4622C-0890-4F6B-904F-F4B26AD7B82D}.Debug|Any CPU.Build.0 = Debug|Any CPU
		{03B4622C-0890-4F6B-904F-F4B26AD7B82D}.Release|Any CPU.ActiveCfg = Release|Any CPU
		{03B4622C-0890-4F6B-904F-F4B26AD7B82D}.Release|Any CPU.Build.0 = Release|Any CPU
	EndGlobalSection
	GlobalSection(SolutionProperties) = preSolution
		HideSolutionNode = FALSE
	EndGlobalSection
	GlobalSection(ExtensibilityGlobals) = postSolution
		SolutionGuid = {3F6AB2DE-BF81-4870-87B9-0DB769E8AC25}
	EndGlobalSection
EndGlobal
