
Microsoft Visual Studio Solution File, Format Version 12.00
# Visual Studio 15
VisualStudioVersion = 15.0.33026.149
MinimumVisualStudioVersion = 10.0.40219.1
Project("{FAE04EC0-301F-11D3-BF4B-00C04F79EFBC}") = "MV_MiniProject07_TransRGBtoHSI", "MV_MiniProject07_TransRGBtoHSI\MV_MiniProject07_TransRGBtoHSI.csproj", "{CE9C8DF3-BB25-48FB-82C5-E3BFFE5ED54F}"
EndProject
Global
	GlobalSection(SolutionConfigurationPlatforms) = preSolution
		Debug|Any CPU = Debug|Any CPU
		Release|Any CPU = Release|Any CPU
	EndGlobalSection
	GlobalSection(ProjectConfigurationPlatforms) = postSolution
		{CE9C8DF3-BB25-48FB-82C5-E3BFFE5ED54F}.Debug|Any CPU.ActiveCfg = Debug|Any CPU
		{CE9C8DF3-BB25-48FB-82C5-E3BFFE5ED54F}.Debug|Any CPU.Build.0 = Debug|Any CPU
		{CE9C8DF3-BB25-48FB-82C5-E3BFFE5ED54F}.Release|Any CPU.ActiveCfg = Release|Any CPU
		{CE9C8DF3-BB25-48FB-82C5-E3BFFE5ED54F}.Release|Any CPU.Build.0 = Release|Any CPU
	EndGlobalSection
	GlobalSection(SolutionProperties) = preSolution
		HideSolutionNode = FALSE
	EndGlobalSection
	GlobalSection(ExtensibilityGlobals) = postSolution
		SolutionGuid = {7C643679-C813-4901-965E-3CFCB8422F8B}
	EndGlobalSection
EndGlobal
